
Microsoft Visual Studio Solution File, Format Version 12.00
# Visual Studio Version 16
VisualStudioVersion = 16.0.31702.278
MinimumVisualStudioVersion = 10.0.40219.1
Project("{8BC9CEB8-8B4A-11D0-8D11-00A0C91BC942}") = "Speech_contest", "Speech_contest\Speech_contest.vcxproj", "{CEA80352-F4BE-47C5-9481-67C30FA3649C}"
EndProject
Global
	GlobalSection(SolutionConfigurationPlatforms) = preSolution
		Debug|x64 = Debug|x64
		Debug|x86 = Debug|x86
		Release|x64 = Release|x64
		Release|x86 = Release|x86
	EndGlobalSection
	GlobalSection(ProjectConfigurationPlatforms) = postSolution
		{CEA80352-F4BE-47C5-9481-67C30FA3649C}.Debug|x64.ActiveCfg = Debug|x64
		{CEA80352-F4BE-47C5-9481-67C30FA3649C}.Debug|x64.Build.0 = Debug|x64
		{CEA80352-F4BE-47C5-9481-67C30FA3649C}.Debug|x86.ActiveCfg = Debug|Win32
		{CEA80352-F4BE-47C5-9481-67C30FA3649C}.Debug|x86.Build.0 = Debug|Win32
		{CEA80352-F4BE-47C5-9481-67C30FA3649C}.Release|x64.ActiveCfg = Release|x64
		{CEA80352-F4BE-47C5-9481-67C30FA3649C}.Release|x64.Build.0 = Release|x64
		{CEA80352-F4BE-47C5-9481-67C30FA3649C}.Release|x86.ActiveCfg = Release|Win32
		{CEA80352-F4BE-47C5-9481-67C30FA3649C}.Release|x86.Build.0 = Release|Win32
	EndGlobalSection
	GlobalSection(SolutionProperties) = preSolution
		HideSolutionNode = FALSE
	EndGlobalSection
	GlobalSection(ExtensibilityGlobals) = postSolution
		SolutionGuid = {42F9DD95-1EDE-4AAC-8737-3298DB9AED81}
	EndGlobalSection
EndGlobal
