
Microsoft Visual Studio Solution File, Format Version 12.00
# Visual Studio Version 16
VisualStudioVersion = 16.0.31702.278
MinimumVisualStudioVersion = 10.0.40219.1
Project("{8BC9CEB8-8B4A-11D0-8D11-00A0C91BC942}") = "Machine_room_reservation_system", "Machine_room_reservation_system\Machine_room_reservation_system.vcxproj", "{7B49F5CE-D85A-4C8A-9BF4-4440C90E857B}"
EndProject
Global
	GlobalSection(SolutionConfigurationPlatforms) = preSolution
		Debug|x64 = Debug|x64
		Debug|x86 = Debug|x86
		Release|x64 = Release|x64
		Release|x86 = Release|x86
	EndGlobalSection
	GlobalSection(ProjectConfigurationPlatforms) = postSolution
		{7B49F5CE-D85A-4C8A-9BF4-4440C90E857B}.Debug|x64.ActiveCfg = Debug|x64
		{7B49F5CE-D85A-4C8A-9BF4-4440C90E857B}.Debug|x64.Build.0 = Debug|x64
		{7B49F5CE-D85A-4C8A-9BF4-4440C90E857B}.Debug|x86.ActiveCfg = Debug|Win32
		{7B49F5CE-D85A-4C8A-9BF4-4440C90E857B}.Debug|x86.Build.0 = Debug|Win32
		{7B49F5CE-D85A-4C8A-9BF4-4440C90E857B}.Release|x64.ActiveCfg = Release|x64
		{7B49F5CE-D85A-4C8A-9BF4-4440C90E857B}.Release|x64.Build.0 = Release|x64
		{7B49F5CE-D85A-4C8A-9BF4-4440C90E857B}.Release|x86.ActiveCfg = Release|Win32
		{7B49F5CE-D85A-4C8A-9BF4-4440C90E857B}.Release|x86.Build.0 = Release|Win32
	EndGlobalSection
	GlobalSection(SolutionProperties) = preSolution
		HideSolutionNode = FALSE
	EndGlobalSection
	GlobalSection(ExtensibilityGlobals) = postSolution
		SolutionGuid = {C0D12A51-C2B9-409D-9EF3-281C7F1C5C35}
	EndGlobalSection
EndGlobal
